PODS:
  - Barcode-Scanner-iOS (0.1.0)

DEPENDENCIES:
  - Barcode-Scanner-iOS (from `../`)

EXTERNAL SOURCES:
  Barcode-Scanner-iOS:
    :path: ../

SPEC CHECKSUMS:
  Barcode-Scanner-iOS: ab702dfefcc0e6f7f19af4374bccc7175b9927b6

PODFILE CHECKSUM: d7626aa6cdca12f80967559955b2c1af29080267

COCOAPODS: 1.0.1
